
Microsoft Visual Studio Solution File, Format Version 12.00
# Visual Studio Version 17
VisualStudioVersion = 17.14.37411.7 d17.14
MinimumVisualStudioVersion = 10.0.40219.1
Project("{FAE04EC0-301F-11D3-BF4B-00C04F79EFBC}") = "InsertDatafromWebPageToDatabase", "InsertDatafromWebPageToDatabase\InsertDatafromWebPageToDatabase.csproj", "{D3F2B288-9811-4F5C-B1A1-EAD2F91E95CD}"
EndProject
Global
	GlobalSection(SolutionConfigurationPlatforms) = preSolution
		Debug|Any CPU = Debug|Any CPU
		Release|Any CPU = Release|Any CPU
	EndGlobalSection
	GlobalSection(ProjectConfigurationPlatforms) = postSolution
		{D3F2B288-9811-4F5C-B1A1-EAD2F91E95CD}.Debug|Any CPU.ActiveCfg = Debug|Any CPU
		{D3F2B288-9811-4F5C-B1A1-EAD2F91E95CD}.Debug|Any CPU.Build.0 = Debug|Any CPU
		{D3F2B288-9811-4F5C-B1A1-EAD2F91E95CD}.Release|Any CPU.ActiveCfg = Release|Any CPU
		{D3F2B288-9811-4F5C-B1A1-EAD2F91E95CD}.Release|Any CPU.Build.0 = Release|Any CPU
	EndGlobalSection
	GlobalSection(SolutionProperties) = preSolution
		HideSolutionNode = FALSE
	EndGlobalSection
	GlobalSection(ExtensibilityGlobals) = postSolution
		SolutionGuid = {F347455D-D31A-4A62-B3F7-074FE556BADA}
	EndGlobalSection
EndGlobal
